
Microsoft Visual Studio Solution File, Format Version 12.00
# Visual Studio Version 17
VisualStudioVersion = 17.6.33829.357
MinimumVisualStudioVersion = 10.0.40219.1
Project("{9A19103F-16F7-4668-BE54-9A1E7A4F7556}") = "webscraping", "webscraping\webscraping.csproj", "{880490E8-F1BE-4F53-8BC3-7E2574464771}"
EndProject
Project("{FAE04EC0-301F-11D3-BF4B-00C04F79EFBC}") = "BusinessLayer", "BusinessLayer\BusinessLayer.csproj", "{48701D52-A4A1-4F81-A36F-24400EAB66F2}"
EndProject
Project("{FAE04EC0-301F-11D3-BF4B-00C04F79EFBC}") = "DataAccessLayer", "DataAccessLayer\DataAccessLayer.csproj", "{CC656EF8-0868-468D-AAE6-0299F80E46B5}"
EndProject
Project("{FAE04EC0-301F-11D3-BF4B-00C04F79EFBC}") = "EntityLayer", "EntityLayer\EntityLayer.csproj", "{B3F84AE3-02B3-4803-A97E-F364393C1816}"
EndProject
Global
	GlobalSection(SolutionConfigurationPlatforms) = preSolution
		Debug|Any CPU = Debug|Any CPU
		Release|Any CPU = Release|Any CPU
	EndGlobalSection
	GlobalSection(ProjectConfigurationPlatforms) = postSolution
		{880490E8-F1BE-4F53-8BC3-7E2574464771}.Debug|Any CPU.ActiveCfg = Debug|Any CPU
		{880490E8-F1BE-4F53-8BC3-7E2574464771}.Debug|Any CPU.Build.0 = Debug|Any CPU
		{880490E8-F1BE-4F53-8BC3-7E2574464771}.Release|Any CPU.ActiveCfg = Release|Any CPU
		{880490E8-F1BE-4F53-8BC3-7E2574464771}.Release|Any CPU.Build.0 = Release|Any CPU
		{48701D52-A4A1-4F81-A36F-24400EAB66F2}.Debug|Any CPU.ActiveCfg = Debug|Any CPU
		{48701D52-A4A1-4F81-A36F-24400EAB66F2}.Debug|Any CPU.Build.0 = Debug|Any CPU
		{48701D52-A4A1-4F81-A36F-24400EAB66F2}.Release|Any CPU.ActiveCfg = Release|Any CPU
		{48701D52-A4A1-4F81-A36F-24400EAB66F2}.Release|Any CPU.Build.0 = Release|Any CPU
		{CC656EF8-0868-468D-AAE6-0299F80E46B5}.Debug|Any CPU.ActiveCfg = Debug|Any CPU
		{CC656EF8-0868-468D-AAE6-0299F80E46B5}.Debug|Any CPU.Build.0 = Debug|Any CPU
		{CC656EF8-0868-468D-AAE6-0299F80E46B5}.Release|Any CPU.ActiveCfg = Release|Any CPU
		{CC656EF8-0868-468D-AAE6-0299F80E46B5}.Release|Any CPU.Build.0 = Release|Any CPU
		{B3F84AE3-02B3-4803-A97E-F364393C1816}.Debug|Any CPU.ActiveCfg = Debug|Any CPU
		{B3F84AE3-02B3-4803-A97E-F364393C1816}.Debug|Any CPU.Build.0 = Debug|Any CPU
		{B3F84AE3-02B3-4803-A97E-F364393C1816}.Release|Any CPU.ActiveCfg = Release|Any CPU
		{B3F84AE3-02B3-4803-A97E-F364393C1816}.Release|Any CPU.Build.0 = Release|Any CPU
	EndGlobalSection
	GlobalSection(SolutionProperties) = preSolution
		HideSolutionNode = FALSE
	EndGlobalSection
	GlobalSection(ExtensibilityGlobals) = postSolution
		SolutionGuid = {3269730F-4EAC-49EC-81DC-5D536E0A3994}
	EndGlobalSection
EndGlobal
